
Microsoft Visual Studio Solution File, Format Version 12.00
# Visual Studio Version 16
VisualStudioVersion = 16.0.29519.181
MinimumVisualStudioVersion = 10.0.40219.1
Project("{8BC9CEB8-8B4A-11D0-8D11-00A0C91BC942}") = "QueueOOP", "QueueOOP.vcxproj", "{95F0F8B1-A209-477C-905E-9372BE03BF46}"
EndProject
Global
	GlobalSection(SolutionConfigurationPlatforms) = preSolution
		Debug|x64 = Debug|x64
		Debug|x86 = Debug|x86
		Release|x64 = Release|x64
		Release|x86 = Release|x86
	EndGlobalSection
	GlobalSection(ProjectConfigurationPlatforms) = postSolution
		{95F0F8B1-A209-477C-905E-9372BE03BF46}.Debug|x64.ActiveCfg = Debug|x64
		{95F0F8B1-A209-477C-905E-9372BE03BF46}.Debug|x64.Build.0 = Debug|x64
		{95F0F8B1-A209-477C-905E-9372BE03BF46}.Debug|x86.ActiveCfg = Debug|Win32
		{95F0F8B1-A209-477C-905E-9372BE03BF46}.Debug|x86.Build.0 = Debug|Win32
		{95F0F8B1-A209-477C-905E-9372BE03BF46}.Release|x64.ActiveCfg = Release|x64
		{95F0F8B1-A209-477C-905E-9372BE03BF46}.Release|x64.Build.0 = Release|x64
		{95F0F8B1-A209-477C-905E-9372BE03BF46}.Release|x86.ActiveCfg = Release|Win32
		{95F0F8B1-A209-477C-905E-9372BE03BF46}.Release|x86.Build.0 = Release|Win32
	EndGlobalSection
	GlobalSection(SolutionProperties) = preSolution
		HideSolutionNode = FALSE
	EndGlobalSection
	GlobalSection(ExtensibilityGlobals) = postSolution
		SolutionGuid = {2FAD2812-337F-4017-AD9C-23E890085141}
	EndGlobalSection
EndGlobal
